// !$*UTF8*$!
{
	archiveVersion = 1;
	classes = {
	};
	objectVersion = 56;
	objects = {

/* Begin PBXBuildFile section */
		5A8D8E718F80BEEBC264CACD /* Pods_BoardGameSupport.framework in Frameworks */ = {isa = PBXBuildFile; fileRef = 5733C6885F0D806524B2760E /* Pods_BoardGameSupport.framework */; };
		E0783A382BA820CA0032EE1E /* AppDelegate.swift in Sources */ = {isa = PBXBuildFile; fileRef = E0783A372BA820CA0032EE1E /* AppDelegate.swift */; };
		E0783A3A2BA820CA0032EE1E /* SceneDelegate.swift in Sources */ = {isa = PBXBuildFile; fileRef = E0783A392BA820CA0032EE1E /* SceneDelegate.swift */; };
		E0783A3F2BA820CA0032EE1E /* Main.storyboard in Resources */ = {isa = PBXBuildFile; fileRef = E0783A3D2BA820CA0032EE1E /* Main.storyboard */; };
		E0783A412BA820CC0032EE1E /* Assets.xcassets in Resources */ = {isa = PBXBuildFile; fileRef = E0783A402BA820CC0032EE1E /* Assets.xcassets */; };
		E0783A442BA820CC0032EE1E /* LaunchScreen.storyboard in Resources */ = {isa = PBXBuildFile; fileRef = E0783A422BA820CC0032EE1E /* LaunchScreen.storyboard */; };
		E0783A512BA830C60032EE1E /* Localizable.strings in Resources */ = {isa = PBXBuildFile; fileRef = E0783A532BA830C60032EE1E /* Localizable.strings */; };
		E0783A592BAA88DD0032EE1E /* HomeViewController.swift in Sources */ = {isa = PBXBuildFile; fileRef = E0783A582BAA88DD0032EE1E /* HomeViewController.swift */; };
		E0783A5B2BAA90AE0032EE1E /* HomeViewModel.swift in Sources */ = {isa = PBXBuildFile; fileRef = E0783A5A2BAA90AE0032EE1E /* HomeViewModel.swift */; };
		E0783A5D2BAA92910032EE1E /* MarvelViewController.swift in Sources */ = {isa = PBXBuildFile; fileRef = E0783A5C2BAA92900032EE1E /* MarvelViewController.swift */; };
		E0783A5F2BAA929F0032EE1E /* MarvelViewModel.swift in Sources */ = {isa = PBXBuildFile; fileRef = E0783A5E2BAA929F0032EE1E /* MarvelViewModel.swift */; };
		E0783A672BAAAA150032EE1E /* BoardGameSupportTests.swift in Sources */ = {isa = PBXBuildFile; fileRef = E0783A662BAAAA150032EE1E /* BoardGameSupportTests.swift */; };
		E0783A712BAAD74B0032EE1E /* ViewModelType.swift in Sources */ = {isa = PBXBuildFile; fileRef = E0783A702BAAD74B0032EE1E /* ViewModelType.swift */; };
		E0783A732BAADD620032EE1E /* AbsViewController.swift in Sources */ = {isa = PBXBuildFile; fileRef = E0783A722BAADD620032EE1E /* AbsViewController.swift */; };
		E0783A772BAC28E00032EE1E /* MarvelViewTests.swift in Sources */ = {isa = PBXBuildFile; fileRef = E0783A762BAC28E00032EE1E /* MarvelViewTests.swift */; };
/* End PBXBuildFile section */

/* Begin PBXContainerItemProxy section */
		E0783A682BAAAA150032EE1E /* PBXContainerItemProxy */ = {
			isa = PBXContainerItemProxy;
			containerPortal = E0783A2C2BA820CA0032EE1E /* Project object */;
			proxyType = 1;
			remoteGlobalIDString = E0783A332BA820CA0032EE1E;
			remoteInfo = BoardGameSupport;
		};
/* End PBXContainerItemProxy section */

/* Begin PBXFileReference section */
		545834A24BEF18E5AB22A4D8 /* Pods-BoardGameSupport.debug.xcconfig */ = {isa = PBXFileReference; includeInIndex = 1; lastKnownFileType = text.xcconfig; name = "Pods-BoardGameSupport.debug.xcconfig"; path = "Target Support Files/Pods-BoardGameSupport/Pods-BoardGameSupport.debug.xcconfig"; sourceTree = "<group>"; };
		5733C6885F0D806524B2760E /* Pods_BoardGameSupport.framework */ = {isa = PBXFileReference; explicitFileType = wrapper.framework; includeInIndex = 0; path = Pods_BoardGameSupport.framework; sourceTree = BUILT_PRODUCTS_DIR; };
		CA56C262D97FFF83E32CB25B /* Pods-BoardGameSupport.release.xcconfig */ = {isa = PBXFileReference; includeInIndex = 1; lastKnownFileType = text.xcconfig; name = "Pods-BoardGameSupport.release.xcconfig"; path = "Target Support Files/Pods-BoardGameSupport/Pods-BoardGameSupport.release.xcconfig"; sourceTree = "<group>"; };
		E0783A342BA820CA0032EE1E /* BoardGameSupport.app */ = {isa = PBXFileReference; explicitFileType = wrapper.application; includeInIndex = 0; path = BoardGameSupport.app; sourceTree = BUILT_PRODUCTS_DIR; };
		E0783A372BA820CA0032EE1E /* AppDelegate.swift */ = {isa = PBXFileReference; lastKnownFileType = sourcecode.swift; path = AppDelegate.swift; sourceTree = "<group>"; };
		E0783A392BA820CA0032EE1E /* SceneDelegate.swift */ = {isa = PBXFileReference; lastKnownFileType = sourcecode.swift; path = SceneDelegate.swift; sourceTree = "<group>"; };
		E0783A3E2BA820CA0032EE1E /* Base */ = {isa = PBXFileReference; lastKnownFileType = file.storyboard; name = Base; path = Base.lproj/Main.storyboard; sourceTree = "<group>"; };
		E0783A402BA820CC0032EE1E /* Assets.xcassets */ = {isa = PBXFileReference; lastKnownFileType = folder.assetcatalog; path = Assets.xcassets; sourceTree = "<group>"; };
		E0783A432BA820CC0032EE1E /* Base */ = {isa = PBXFileReference; lastKnownFileType = file.storyboard; name = Base; path = Base.lproj/LaunchScreen.storyboard; sourceTree = "<group>"; };
		E0783A452BA820CC0032EE1E /* Info.plist */ = {isa = PBXFileReference; lastKnownFileType = text.plist.xml; path = Info.plist; sourceTree = "<group>"; };
		E0783A4B2BA82F9E0032EE1E /* zh-Hant */ = {isa = PBXFileReference; lastKnownFileType = text.plist.strings; name = "zh-Hant"; path = "zh-Hant.lproj/Main.strings"; sourceTree = "<group>"; };
		E0783A4C2BA82F9F0032EE1E /* zh-Hant */ = {isa = PBXFileReference; lastKnownFileType = text.plist.strings; name = "zh-Hant"; path = "zh-Hant.lproj/LaunchScreen.strings"; sourceTree = "<group>"; };
		E0783A4D2BA82FAB0032EE1E /* zh-Hans */ = {isa = PBXFileReference; lastKnownFileType = text.plist.strings; name = "zh-Hans"; path = "zh-Hans.lproj/Main.strings"; sourceTree = "<group>"; };
		E0783A4E2BA82FAB0032EE1E /* zh-Hans */ = {isa = PBXFileReference; lastKnownFileType = text.plist.strings; name = "zh-Hans"; path = "zh-Hans.lproj/LaunchScreen.strings"; sourceTree = "<group>"; };
		E0783A522BA830C60032EE1E /* en */ = {isa = PBXFileReference; lastKnownFileType = text.plist.strings; name = en; path = en.lproj/Localizable.strings; sourceTree = "<group>"; };
		E0783A542BA830C80032EE1E /* zh-Hans */ = {isa = PBXFileReference; lastKnownFileType = text.plist.strings; name = "zh-Hans"; path = "zh-Hans.lproj/Localizable.strings"; sourceTree = "<group>"; };
		E0783A552BA830CC0032EE1E /* zh-Hant */ = {isa = PBXFileReference; lastKnownFileType = text.plist.strings; name = "zh-Hant"; path = "zh-Hant.lproj/Localizable.strings"; sourceTree = "<group>"; };
		E0783A582BAA88DD0032EE1E /* HomeViewController.swift */ = {isa = PBXFileReference; lastKnownFileType = sourcecode.swift; path = HomeViewController.swift; sourceTree = "<group>"; };
		E0783A5A2BAA90AE0032EE1E /* HomeViewModel.swift */ = {isa = PBXFileReference; lastKnownFileType = sourcecode.swift; path = HomeViewModel.swift; sourceTree = "<group>"; };
		E0783A5C2BAA92900032EE1E /* MarvelViewController.swift */ = {isa = PBXFileReference; lastKnownFileType = sourcecode.swift; path = MarvelViewController.swift; sourceTree = "<group>"; };
		E0783A5E2BAA929F0032EE1E /* MarvelViewModel.swift */ = {isa = PBXFileReference; lastKnownFileType = sourcecode.swift; path = MarvelViewModel.swift; sourceTree = "<group>"; };
		E0783A642BAAAA150032EE1E /* BoardGameSupportTests.xctest */ = {isa = PBXFileReference; explicitFileType = wrapper.cfbundle; includeInIndex = 0; path = BoardGameSupportTests.xctest; sourceTree = BUILT_PRODUCTS_DIR; };
		E0783A662BAAAA150032EE1E /* BoardGameSupportTests.swift */ = {isa = PBXFileReference; lastKnownFileType = sourcecode.swift; path = BoardGameSupportTests.swift; sourceTree = "<group>"; };
		E0783A702BAAD74B0032EE1E /* ViewModelType.swift */ = {isa = PBXFileReference; lastKnownFileType = sourcecode.swift; path = ViewModelType.swift; sourceTree = "<group>"; };
		E0783A722BAADD620032EE1E /* AbsViewController.swift */ = {isa = PBXFileReference; lastKnownFileType = sourcecode.swift; path = AbsViewController.swift; sourceTree = "<group>"; };
		E0783A762BAC28E00032EE1E /* MarvelViewTests.swift */ = {isa = PBXFileReference; lastKnownFileType = sourcecode.swift; path = MarvelViewTests.swift; sourceTree = "<group>"; };
/* End PBXFileReference section */

/* Begin PBXFrameworksBuildPhase section */
		E0783A312BA820CA0032EE1E /* Frameworks */ = {
			isa = PBXFrameworksBuildPhase;
			buildActionMask = 2147483647;
			files = (
				5A8D8E718F80BEEBC264CACD /* Pods_BoardGameSupport.framework in Frameworks */,
			);
			runOnlyForDeploymentPostprocessing = 0;
		};
		E0783A612BAAAA150032EE1E /* Frameworks */ = {
			isa = PBXFrameworksBuildPhase;
			buildActionMask = 2147483647;
			files = (
			);
			runOnlyForDeploymentPostprocessing = 0;
		};
/* End PBXFrameworksBuildPhase section */

/* Begin PBXGroup section */
		E0783A2B2BA820CA0032EE1E = {
			isa = PBXGroup;
			children = (
				E0783A362BA820CA0032EE1E /* BoardGameSupport */,
				E0783A652BAAAA150032EE1E /* BoardGameSupportTests */,
				E0783A352BA820CA0032EE1E /* Products */,
				EDA7D3387AE83C6DF8BA0D60 /* Pods */,
				EA5DB7D70AAFC57F288C2A3E /* Frameworks */,
			);
			sourceTree = "<group>";
		};
		E0783A352BA820CA0032EE1E /* Products */ = {
			isa = PBXGroup;
			children = (
				E0783A342BA820CA0032EE1E /* BoardGameSupport.app */,
				E0783A642BAAAA150032EE1E /* BoardGameSupportTests.xctest */,
			);
			name = Products;
			sourceTree = "<group>";
		};
		E0783A362BA820CA0032EE1E /* BoardGameSupport */ = {
			isa = PBXGroup;
			children = (
				E0783A6F2BAAD72D0032EE1E /* Protocol */,
				E0783A572BAA88910032EE1E /* ViewModel */,
				E0783A562BAA88860032EE1E /* View */,
				E0783A372BA820CA0032EE1E /* AppDelegate.swift */,
				E0783A392BA820CA0032EE1E /* SceneDelegate.swift */,
				E0783A532BA830C60032EE1E /* Localizable.strings */,
				E0783A3D2BA820CA0032EE1E /* Main.storyboard */,
				E0783A402BA820CC0032EE1E /* Assets.xcassets */,
				E0783A422BA820CC0032EE1E /* LaunchScreen.storyboard */,
				E0783A452BA820CC0032EE1E /* Info.plist */,
			);
			path = BoardGameSupport;
			sourceTree = "<group>";
		};
		E0783A562BAA88860032EE1E /* View */ = {
			isa = PBXGroup;
			children = (
				E0783A582BAA88DD0032EE1E /* HomeViewController.swift */,
				E0783A5C2BAA92900032EE1E /* MarvelViewController.swift */,
				E0783A722BAADD620032EE1E /* AbsViewController.swift */,
			);
			path = View;
			sourceTree = "<group>";
		};
		E0783A572BAA88910032EE1E /* ViewModel */ = {
			isa = PBXGroup;
			children = (
				E0783A5A2BAA90AE0032EE1E /* HomeViewModel.swift */,
				E0783A5E2BAA929F0032EE1E /* MarvelViewModel.swift */,
			);
			path = ViewModel;
			sourceTree = "<group>";
		};
		E0783A652BAAAA150032EE1E /* BoardGameSupportTests */ = {
			isa = PBXGroup;
			children = (
				E0783A662BAAAA150032EE1E /* BoardGameSupportTests.swift */,
				E0783A762BAC28E00032EE1E /* MarvelViewTests.swift */,
			);
			path = BoardGameSupportTests;
			sourceTree = "<group>";
		};
		E0783A6F2BAAD72D0032EE1E /* Protocol */ = {
			isa = PBXGroup;
			children = (
				E0783A702BAAD74B0032EE1E /* ViewModelType.swift */,
			);
			path = Protocol;
			sourceTree = "<group>";
		};
		EA5DB7D70AAFC57F288C2A3E /* Frameworks */ = {
			isa = PBXGroup;
			children = (
				5733C6885F0D806524B2760E /* Pods_BoardGameSupport.framework */,
			);
			name = Frameworks;
			sourceTree = "<group>";
		};
		EDA7D3387AE83C6DF8BA0D60 /* Pods */ = {
			isa = PBXGroup;
			children = (
				545834A24BEF18E5AB22A4D8 /* Pods-BoardGameSupport.debug.xcconfig */,
				CA56C262D97FFF83E32CB25B /* Pods-BoardGameSupport.release.xcconfig */,
			);
			path = Pods;
			sourceTree = "<group>";
		};
/* End PBXGroup section */

/* Begin PBXNativeTarget section */
		E0783A332BA820CA0032EE1E /* BoardGameSupport */ = {
			isa = PBXNativeTarget;
			buildConfigurationList = E0783A482BA820CC0032EE1E /* Build configuration list for PBXNativeTarget "BoardGameSupport" */;
			buildPhases = (
				287030D1A6E1CC4C22F41A33 /* [CP] Check Pods Manifest.lock */,
				E0783A302BA820CA0032EE1E /* Sources */,
				E0783A312BA820CA0032EE1E /* Frameworks */,
				E0783A322BA820CA0032EE1E /* Resources */,
				B07A3AC203557BD5C4B4A11E /* [CP] Embed Pods Frameworks */,
			);
			buildRules = (
			);
			dependencies = (
			);
			name = BoardGameSupport;
			productName = BoardGameSupport;
			productReference = E0783A342BA820CA0032EE1E /* BoardGameSupport.app */;
			productType = "com.apple.product-type.application";
		};
		E0783A632BAAAA150032EE1E /* BoardGameSupportTests */ = {
			isa = PBXNativeTarget;
			buildConfigurationList = E0783A6A2BAAAA150032EE1E /* Build configuration list for PBXNativeTarget "BoardGameSupportTests" */;
			buildPhases = (
				E0783A602BAAAA150032EE1E /* Sources */,
				E0783A612BAAAA150032EE1E /* Frameworks */,
				E0783A622BAAAA150032EE1E /* Resources */,
			);
			buildRules = (
			);
			dependencies = (
				E0783A692BAAAA150032EE1E /* PBXTargetDependency */,
			);
			name = BoardGameSupportTests;
			productName = BoardGameSupportTests;
			productReference = E0783A642BAAAA150032EE1E /* BoardGameSupportTests.xctest */;
			productType = "com.apple.product-type.bundle.unit-test";
		};
/* End PBXNativeTarget section */

/* Begin PBXProject section */
		E0783A2C2BA820CA0032EE1E /* Project object */ = {
			isa = PBXProject;
			attributes = {
				BuildIndependentTargetsInParallel = 1;
				LastSwiftUpdateCheck = 1520;
				LastUpgradeCheck = 1520;
				TargetAttributes = {
					E0783A332BA820CA0032EE1E = {
						CreatedOnToolsVersion = 15.2;
					};
					E0783A632BAAAA150032EE1E = {
						CreatedOnToolsVersion = 15.2;
						TestTargetID = E0783A332BA820CA0032EE1E;
					};
				};
			};
			buildConfigurationList = E0783A2F2BA820CA0032EE1E /* Build configuration list for PBXProject "BoardGameSupport" */;
			compatibilityVersion = "Xcode 14.0";
			developmentRegion = en;
			hasScannedForEncodings = 0;
			knownRegions = (
				en,
				Base,
				"zh-Hant",
				"zh-Hans",
			);
			mainGroup = E0783A2B2BA820CA0032EE1E;
			productRefGroup = E0783A352BA820CA0032EE1E /* Products */;
			projectDirPath = "";
			projectRoot = "";
			targets = (
				E0783A332BA820CA0032EE1E /* BoardGameSupport */,
				E0783A632BAAAA150032EE1E /* BoardGameSupportTests */,
			);
		};
/* End PBXProject section */

/* Begin PBXResourcesBuildPhase section */
		E0783A322BA820CA0032EE1E /* Resources */ = {
			isa = PBXResourcesBuildPhase;
			buildActionMask = 2147483647;
			files = (
				E0783A442BA820CC0032EE1E /* LaunchScreen.storyboard in Resources */,
				E0783A512BA830C60032EE1E /* Localizable.strings in Resources */,
				E0783A412BA820CC0032EE1E /* Assets.xcassets in Resources */,
				E0783A3F2BA820CA0032EE1E /* Main.storyboard in Resources */,
			);
			runOnlyForDeploymentPostprocessing = 0;
		};
		E0783A622BAAAA150032EE1E /* Resources */ = {
			isa = PBXResourcesBuildPhase;
			buildActionMask = 2147483647;
			files = (
			);
			runOnlyForDeploymentPostprocessing = 0;
		};
/* End PBXResourcesBuildPhase section */

/* Begin PBXShellScriptBuildPhase section */
		287030D1A6E1CC4C22F41A33 /* [CP] Check Pods Manifest.lock */ = {
			isa = PBXShellScriptBuildPhase;
			buildActionMask = 2147483647;
			files = (
			);
			inputFileListPaths = (
			);
			inputPaths = (
				"${PODS_PODFILE_DIR_PATH}/Podfile.lock",
				"${PODS_ROOT}/Manifest.lock",
			);
			name = "[CP] Check Pods Manifest.lock";
			outputFileListPaths = (
			);
			outputPaths = (
				"$(DERIVED_FILE_DIR)/Pods-BoardGameSupport-checkManifestLockResult.txt",
			);
			runOnlyForDeploymentPostprocessing = 0;
			shellPath = /bin/sh;
			shellScript = "diff \"${PODS_PODFILE_DIR_PATH}/Podfile.lock\" \"${PODS_ROOT}/Manifest.lock\" > /dev/null\nif [ $? != 0 ] ; then\n    # print error to STDERR\n    echo \"error: The sandbox is not in sync with the Podfile.lock. Run 'pod install' or update your CocoaPods installation.\" >&2\n    exit 1\nfi\n# This output is used by Xcode 'outputs' to avoid re-running this script phase.\necho \"SUCCESS\" > \"${SCRIPT_OUTPUT_FILE_0}\"\n";
			showEnvVarsInLog = 0;
		};
		B07A3AC203557BD5C4B4A11E /* [CP] Embed Pods Frameworks */ = {
			isa = PBXShellScriptBuildPhase;
			buildActionMask = 2147483647;
			files = (
			);
			inputFileListPaths = (
				"${PODS_ROOT}/Target Support Files/Pods-BoardGameSupport/Pods-BoardGameSupport-frameworks-${CONFIGURATION}-input-files.xcfilelist",
			);
			name = "[CP] Embed Pods Frameworks";
			outputFileListPaths = (
				"${PODS_ROOT}/Target Support Files/Pods-BoardGameSupport/Pods-BoardGameSupport-frameworks-${CONFIGURATION}-output-files.xcfilelist",
			);
			runOnlyForDeploymentPostprocessing = 0;
			shellPath = /bin/sh;
			shellScript = "\"${PODS_ROOT}/Target Support Files/Pods-BoardGameSupport/Pods-BoardGameSupport-frameworks.sh\"\n";
			showEnvVarsInLog = 0;
		};
/* End PBXShellScriptBuildPhase section */

/* Begin PBXSourcesBuildPhase section */
		E0783A302BA820CA0032EE1E /* Sources */ = {
			isa = PBXSourcesBuildPhase;
			buildActionMask = 2147483647;
			files = (
				E0783A382BA820CA0032EE1E /* AppDelegate.swift in Sources */,
				E0783A3A2BA820CA0032EE1E /* SceneDelegate.swift in Sources */,
				E0783A592BAA88DD0032EE1E /* HomeViewController.swift in Sources */,
				E0783A5D2BAA92910032EE1E /* MarvelViewController.swift in Sources */,
				E0783A5B2BAA90AE0032EE1E /* HomeViewModel.swift in Sources */,
				E0783A5F2BAA929F0032EE1E /* MarvelViewModel.swift in Sources */,
				E0783A712BAAD74B0032EE1E /* ViewModelType.swift in Sources */,
				E0783A732BAADD620032EE1E /* AbsViewController.swift in Sources */,
			);
			runOnlyForDeploymentPostprocessing = 0;
		};
		E0783A602BAAAA150032EE1E /* Sources */ = {
			isa = PBXSourcesBuildPhase;
			buildActionMask = 2147483647;
			files = (
				E0783A772BAC28E00032EE1E /* MarvelViewTests.swift in Sources */,
				E0783A672BAAAA150032EE1E /* BoardGameSupportTests.swift in Sources */,
			);
			runOnlyForDeploymentPostprocessing = 0;
		};
/* End PBXSourcesBuildPhase section */

/* Begin PBXTargetDependency section */
		E0783A692BAAAA150032EE1E /* PBXTargetDependency */ = {
			isa = PBXTargetDependency;
			target = E0783A332BA820CA0032EE1E /* BoardGameSupport */;
			targetProxy = E0783A682BAAAA150032EE1E /* PBXContainerItemProxy */;
		};
/* End PBXTargetDependency section */

/* Begin PBXVariantGroup section */
		E0783A3D2BA820CA0032EE1E /* Main.storyboard */ = {
			isa = PBXVariantGroup;
			children = (
				E0783A3E2BA820CA0032EE1E /* Base */,
				E0783A4B2BA82F9E0032EE1E /* zh-Hant */,
				E0783A4D2BA82FAB0032EE1E /* zh-Hans */,
			);
			name = Main.storyboard;
			sourceTree = "<group>";
		};
		E0783A422BA820CC0032EE1E /* LaunchScreen.storyboard */ = {
			isa = PBXVariantGroup;
			children = (
				E0783A432BA820CC0032EE1E /* Base */,
				E0783A4C2BA82F9F0032EE1E /* zh-Hant */,
				E0783A4E2BA82FAB0032EE1E /* zh-Hans */,
			);
			name = LaunchScreen.storyboard;
			sourceTree = "<group>";
		};
		E0783A532BA830C60032EE1E /* Localizable.strings */ = {
			isa = PBXVariantGroup;
			children = (
				E0783A522BA830C60032EE1E /* en */,
				E0783A542BA830C80032EE1E /* zh-Hans */,
				E0783A552BA830CC0032EE1E /* zh-Hant */,
			);
			name = Localizable.strings;
			sourceTree = "<group>";
		};
/* End PBXVariantGroup section */

/* Begin XCBuildConfiguration section */
		E0783A462BA820CC0032EE1E /* Debug */ = {
			isa = XCBuildConfiguration;
			buildSettings = {
				ALWAYS_SEARCH_USER_PATHS = NO;
				ASSETCATALOG_COMPILER_GENERATE_SWIFT_ASSET_SYMBOL_EXTENSIONS = YES;
				CLANG_ANALYZER_LOCALIZABILITY_NONLOCALIZED = YES;
				CLANG_ANALYZER_NONNULL = YES;
				CLANG_ANALYZER_NUMBER_OBJECT_CONVERSION = YES_AGGRESSIVE;
				CLANG_CXX_LANGUAGE_STANDARD = "gnu++20";
				CLANG_ENABLE_MODULES = YES;
				CLANG_ENABLE_OBJC_ARC = YES;
				CLANG_ENABLE_OBJC_WEAK = YES;
				CLANG_WARN_BLOCK_CAPTURE_AUTORELEASING = YES;
				CLANG_WARN_BOOL_CONVERSION = YES;
				CLANG_WARN_COMMA = YES;
				CLANG_WARN_CONSTANT_CONVERSION = YES;
				CLANG_WARN_DEPRECATED_OBJC_IMPLEMENTATIONS = YES;
				CLANG_WARN_DIRECT_OBJC_ISA_USAGE = YES_ERROR;
				CLANG_WARN_DOCUMENTATION_COMMENTS = YES;
				CLANG_WARN_EMPTY_BODY = YES;
				CLANG_WARN_ENUM_CONVERSION = YES;
				CLANG_WARN_INFINITE_RECURSION = YES;
				CLANG_WARN_INT_CONVERSION = YES;
				CLANG_WARN_NON_LITERAL_NULL_CONVERSION = YES;
				CLANG_WARN_OBJC_IMPLICIT_RETAIN_SELF = YES;
				CLANG_WARN_OBJC_LITERAL_CONVERSION = YES;
				CLANG_WARN_OBJC_ROOT_CLASS = YES_ERROR;
				CLANG_WARN_QUOTED_INCLUDE_IN_FRAMEWORK_HEADER = YES;
				CLANG_WARN_RANGE_LOOP_ANALYSIS = YES;
				CLANG_WARN_STRICT_PROTOTYPES = YES;
				CLANG_WARN_SUSPICIOUS_MOVE = YES;
				CLANG_WARN_UNGUARDED_AVAILABILITY = YES_AGGRESSIVE;
				CLANG_WARN_UNREACHABLE_CODE = YES;
				CLANG_WARN__DUPLICATE_METHOD_MATCH = YES;
				COPY_PHASE_STRIP = NO;
				DEBUG_INFORMATION_FORMAT = dwarf;
				ENABLE_STRICT_OBJC_MSGSEND = YES;
				ENABLE_TESTABILITY = YES;
				ENABLE_USER_SCRIPT_SANDBOXING = YES;
				GCC_C_LANGUAGE_STANDARD = gnu17;
				GCC_DYNAMIC_NO_PIC = NO;
				GCC_NO_COMMON_BLOCKS = YES;
				GCC_OPTIMIZATION_LEVEL = 0;
				GCC_PREPROCESSOR_DEFINITIONS = (
					"DEBUG=1",
					"$(inherited)",
				);
				GCC_WARN_64_TO_32_BIT_CONVERSION = YES;
				GCC_WARN_ABOUT_RETURN_TYPE = YES_ERROR;
				GCC_WARN_UNDECLARED_SELECTOR = YES;
				GCC_WARN_UNINITIALIZED_AUTOS = YES_AGGRESSIVE;
				GCC_WARN_UNUSED_FUNCTION = YES;
				GCC_WARN_UNUSED_VARIABLE = YES;
				IPHONEOS_DEPLOYMENT_TARGET = 17.2;
				LOCALIZATION_PREFERS_STRING_CATALOGS = YES;
				MTL_ENABLE_DEBUG_INFO = INCLUDE_SOURCE;
				MTL_FAST_MATH = YES;
				ONLY_ACTIVE_ARCH = YES;
				SDKROOT = iphoneos;
				SWIFT_ACTIVE_COMPILATION_CONDITIONS = "DEBUG $(inherited)";
				SWIFT_OPTIMIZATION_LEVEL = "-Onone";
			};
			name = Debug;
		};
		E0783A472BA820CC0032EE1E /* Release */ = {
			isa = XCBuildConfiguration;
			buildSettings = {
				ALWAYS_SEARCH_USER_PATHS = NO;
				ASSETCATALOG_COMPILER_GENERATE_SWIFT_ASSET_SYMBOL_EXTENSIONS = YES;
				CLANG_ANALYZER_LOCALIZABILITY_NONLOCALIZED = YES;
				CLANG_ANALYZER_NONNULL = YES;
				CLANG_ANALYZER_NUMBER_OBJECT_CONVERSION = YES_AGGRESSIVE;
				CLANG_CXX_LANGUAGE_STANDARD = "gnu++20";
				CLANG_ENABLE_MODULES = YES;
				CLANG_ENABLE_OBJC_ARC = YES;
				CLANG_ENABLE_OBJC_WEAK = YES;
				CLANG_WARN_BLOCK_CAPTURE_AUTORELEASING = YES;
				CLANG_WARN_BOOL_CONVERSION = YES;
				CLANG_WARN_COMMA = YES;
				CLANG_WARN_CONSTANT_CONVERSION = YES;
				CLANG_WARN_DEPRECATED_OBJC_IMPLEMENTATIONS = YES;
				CLANG_WARN_DIRECT_OBJC_ISA_USAGE = YES_ERROR;
				CLANG_WARN_DOCUMENTATION_COMMENTS = YES;
				CLANG_WARN_EMPTY_BODY = YES;
				CLANG_WARN_ENUM_CONVERSION = YES;
				CLANG_WARN_INFINITE_RECURSION = YES;
				CLANG_WARN_INT_CONVERSION = YES;
				CLANG_WARN_NON_LITERAL_NULL_CONVERSION = YES;
				CLANG_WARN_OBJC_IMPLICIT_RETAIN_SELF = YES;
				CLANG_WARN_OBJC_LITERAL_CONVERSION = YES;
				CLANG_WARN_OBJC_ROOT_CLASS = YES_ERROR;
				CLANG_WARN_QUOTED_INCLUDE_IN_FRAMEWORK_HEADER = YES;
				CLANG_WARN_RANGE_LOOP_ANALYSIS = YES;
				CLANG_WARN_STRICT_PROTOTYPES = YES;
				CLANG_WARN_SUSPICIOUS_MOVE = YES;
				CLANG_WARN_UNGUARDED_AVAILABILITY = YES_AGGRESSIVE;
				CLANG_WARN_UNREACHABLE_CODE = YES;
				CLANG_WARN__DUPLICATE_METHOD_MATCH = YES;
				COPY_PHASE_STRIP = NO;
				DEBUG_INFORMATION_FORMAT = "dwarf-with-dsym";
				ENABLE_NS_ASSERTIONS = NO;
				ENABLE_STRICT_OBJC_MSGSEND = YES;
				ENABLE_USER_SCRIPT_SANDBOXING = YES;
				GCC_C_LANGUAGE_STANDARD = gnu17;
				GCC_NO_COMMON_BLOCKS = YES;
				GCC_WARN_64_TO_32_BIT_CONVERSION = YES;
				GCC_WARN_ABOUT_RETURN_TYPE = YES_ERROR;
				GCC_WARN_UNDECLARED_SELECTOR = YES;
				GCC_WARN_UNINITIALIZED_AUTOS = YES_AGGRESSIVE;
				GCC_WARN_UNUSED_FUNCTION = YES;
				GCC_WARN_UNUSED_VARIABLE = YES;
				IPHONEOS_DEPLOYMENT_TARGET = 17.2;
				LOCALIZATION_PREFERS_STRING_CATALOGS = YES;
				MTL_ENABLE_DEBUG_INFO = NO;
				MTL_FAST_MATH = YES;
				SDKROOT = iphoneos;
				SWIFT_COMPILATION_MODE = wholemodule;
				VALIDATE_PRODUCT = YES;
			};
			name = Release;
		};
		E0783A492BA820CC0032EE1E /* Debug */ = {
			isa = XCBuildConfiguration;
			baseConfigurationReference = 545834A24BEF18E5AB22A4D8 /* Pods-BoardGameSupport.debug.xcconfig */;
			buildSettings = {
				ASSETCATALOG_COMPILER_APPICON_NAME = AppIcon;
				ASSETCATALOG_COMPILER_GLOBAL_ACCENT_COLOR_NAME = AccentColor;
				CODE_SIGN_STYLE = Automatic;
				CURRENT_PROJECT_VERSION = 1;
				DEVELOPMENT_TEAM = KH3PA94KG7;
				ENABLE_USER_SCRIPT_SANDBOXING = NO;
				GENERATE_INFOPLIST_FILE = YES;
				INFOPLIST_FILE = BoardGameSupport/Info.plist;
				INFOPLIST_KEY_UIApplicationSupportsIndirectInputEvents = YES;
				INFOPLIST_KEY_UILaunchStoryboardName = LaunchScreen;
				INFOPLIST_KEY_UIMainStoryboardFile = Main;
				INFOPLIST_KEY_UISupportedInterfaceOrientations_iPad = "UIInterfaceOrientationPortrait UIInterfaceOrientationPortraitUpsideDown UIInterfaceOrientationLandscapeLeft UIInterfaceOrientationLandscapeRight";
				INFOPLIST_KEY_UISupportedInterfaceOrientations_iPhone = "UIInterfaceOrientationPortrait UIInterfaceOrientationLandscapeLeft UIInterfaceOrientationLandscapeRight";
				IPHONEOS_DEPLOYMENT_TARGET = 15.0;
				LD_RUNPATH_SEARCH_PATHS = (
					"$(inherited)",
					"@executable_path/Frameworks",
				);
				MARKETING_VERSION = 1.0;
				PRODUCT_BUNDLE_IDENTIFIER = nullra.com.BoardGameSupport;
				PRODUCT_NAME = "$(TARGET_NAME)";
				SWIFT_EMIT_LOC_STRINGS = YES;
				SWIFT_VERSION = 5.0;
				TARGETED_DEVICE_FAMILY = "1,2";
			};
			name = Debug;
		};
		E0783A4A2BA820CC0032EE1E /* Release */ = {
			isa = XCBuildConfiguration;
			baseConfigurationReference = CA56C262D97FFF83E32CB25B /* Pods-BoardGameSupport.release.xcconfig */;
			buildSettings = {
				ASSETCATALOG_COMPILER_APPICON_NAME = AppIcon;
				ASSETCATALOG_COMPILER_GLOBAL_ACCENT_COLOR_NAME = AccentColor;
				CODE_SIGN_STYLE = Automatic;
				CURRENT_PROJECT_VERSION = 1;
				DEVELOPMENT_TEAM = KH3PA94KG7;
				ENABLE_USER_SCRIPT_SANDBOXING = NO;
				GENERATE_INFOPLIST_FILE = YES;
				INFOPLIST_FILE = BoardGameSupport/Info.plist;
				INFOPLIST_KEY_UIApplicationSupportsIndirectInputEvents = YES;
				INFOPLIST_KEY_UILaunchStoryboardName = LaunchScreen;
				INFOPLIST_KEY_UIMainStoryboardFile = Main;
				INFOPLIST_KEY_UISupportedInterfaceOrientations_iPad = "UIInterfaceOrientationPortrait UIInterfaceOrientationPortraitUpsideDown UIInterfaceOrientationLandscapeLeft UIInterfaceOrientationLandscapeRight";
				INFOPLIST_KEY_UISupportedInterfaceOrientations_iPhone = "UIInterfaceOrientationPortrait UIInterfaceOrientationLandscapeLeft UIInterfaceOrientationLandscapeRight";
				IPHONEOS_DEPLOYMENT_TARGET = 15.0;
				LD_RUNPATH_SEARCH_PATHS = (
					"$(inherited)",
					"@executable_path/Frameworks",
				);
				MARKETING_VERSION = 1.0;
				PRODUCT_BUNDLE_IDENTIFIER = nullra.com.BoardGameSupport;
				PRODUCT_NAME = "$(TARGET_NAME)";
				SWIFT_EMIT_LOC_STRINGS = YES;
				SWIFT_VERSION = 5.0;
				TARGETED_DEVICE_FAMILY = "1,2";
			};
			name = Release;
		};
		E0783A6B2BAAAA150032EE1E /* Debug */ = {
			isa = XCBuildConfiguration;
			buildSettings = {
				BUNDLE_LOADER = "$(TEST_HOST)";
				CODE_SIGN_STYLE = Automatic;
				CURRENT_PROJECT_VERSION = 1;
				DEVELOPMENT_TEAM = KH3PA94KG7;
				GENERATE_INFOPLIST_FILE = YES;
				MARKETING_VERSION = 1.0;
				PRODUCT_BUNDLE_IDENTIFIER = nullra.com.BoardGameSupportTests;
				PRODUCT_NAME = "$(TARGET_NAME)";
				SWIFT_EMIT_LOC_STRINGS = NO;
				SWIFT_VERSION = 5.0;
				TARGETED_DEVICE_FAMILY = "1,2";
				TEST_HOST = "$(BUILT_PRODUCTS_DIR)/BoardGameSupport.app/$(BUNDLE_EXECUTABLE_FOLDER_PATH)/BoardGameSupport";
			};
			name = Debug;
		};
		E0783A6C2BAAAA150032EE1E /* Release */ = {
			isa = XCBuildConfiguration;
			buildSettings = {
				BUNDLE_LOADER = "$(TEST_HOST)";
				CODE_SIGN_STYLE = Automatic;
				CURRENT_PROJECT_VERSION = 1;
				DEVELOPMENT_TEAM = KH3PA94KG7;
				GENERATE_INFOPLIST_FILE = YES;
				MARKETING_VERSION = 1.0;
				PRODUCT_BUNDLE_IDENTIFIER = nullra.com.BoardGameSupportTests;
				PRODUCT_NAME = "$(TARGET_NAME)";
				SWIFT_EMIT_LOC_STRINGS = NO;
				SWIFT_VERSION = 5.0;
				TARGETED_DEVICE_FAMILY = "1,2";
				TEST_HOST = "$(BUILT_PRODUCTS_DIR)/BoardGameSupport.app/$(BUNDLE_EXECUTABLE_FOLDER_PATH)/BoardGameSupport";
			};
			name = Release;
		};
/* End XCBuildConfiguration section */

/* Begin XCConfigurationList section */
		E0783A2F2BA820CA0032EE1E /* Build configuration list for PBXProject "BoardGameSupport" */ = {
			isa = XCConfigurationList;
			buildConfigurations = (
				E0783A462BA820CC0032EE1E /* Debug */,
				E0783A472BA820CC0032EE1E /* Release */,
			);
			defaultConfigurationIsVisible = 0;
			defaultConfigurationName = Release;
		};
		E0783A482BA820CC0032EE1E /* Build configuration list for PBXNativeTarget "BoardGameSupport" */ = {
			isa = XCConfigurationList;
			buildConfigurations = (
				E0783A492BA820CC0032EE1E /* Debug */,
				E0783A4A2BA820CC0032EE1E /* Release */,
			);
			defaultConfigurationIsVisible = 0;
			defaultConfigurationName = Release;
		};
		E0783A6A2BAAAA150032EE1E /* Build configuration list for PBXNativeTarget "BoardGameSupportTests" */ = {
			isa = XCConfigurationList;
			buildConfigurations = (
				E0783A6B2BAAAA150032EE1E /* Debug */,
				E0783A6C2BAAAA150032EE1E /* Release */,
			);
			defaultConfigurationIsVisible = 0;
			defaultConfigurationName = Release;
		};
/* End XCConfigurationList section */
	};
	rootObject = E0783A2C2BA820CA0032EE1E /* Project object */;
}
